
Microsoft Visual Studio Solution File, Format Version 12.00
# Visual Studio Version 17
VisualStudioVersion = 17.11.35111.106
MinimumVisualStudioVersion = 10.0.40219.1
Project("{FAE04EC0-301F-11D3-BF4B-00C04F79EFBC}") = "ChronoTap", "ChronoTap\ChronoTap.csproj", "{D3787B97-0D35-448D-BFFF-425F577C5FF8}"
EndProject
Global
	GlobalSection(SolutionConfigurationPlatforms) = preSolution
		Debug|Any CPU = Debug|Any CPU
		Release|Any CPU = Release|Any CPU
	EndGlobalSection
	GlobalSection(ProjectConfigurationPlatforms) = postSolution
		{D3787B97-0D35-448D-BFFF-425F577C5FF8}.Debug|Any CPU.ActiveCfg = Debug|Any CPU
		{D3787B97-0D35-448D-BFFF-425F577C5FF8}.Debug|Any CPU.Build.0 = Debug|Any CPU
		{D3787B97-0D35-448D-BFFF-425F577C5FF8}.Debug|Any CPU.Deploy.0 = Debug|Any CPU
		{D3787B97-0D35-448D-BFFF-425F577C5FF8}.Release|Any CPU.ActiveCfg = Release|Any CPU
		{D3787B97-0D35-448D-BFFF-425F577C5FF8}.Release|Any CPU.Build.0 = Release|Any CPU
		{D3787B97-0D35-448D-BFFF-425F577C5FF8}.Release|Any CPU.Deploy.0 = Release|Any CPU
	EndGlobalSection
	GlobalSection(SolutionProperties) = preSolution
		HideSolutionNode = FALSE
	EndGlobalSection
	GlobalSection(ExtensibilityGlobals) = postSolution
		SolutionGuid = {3F39F5C6-BF52-4C45-B06C-6687A6A27769}
	EndGlobalSection
EndGlobal
